
Microsoft Visual Studio Solution File, Format Version 12.00
# Visual Studio Version 17
VisualStudioVersion = 17.12.35707.178 d17.12
MinimumVisualStudioVersion = 10.0.40219.1
Project("{FAE04EC0-301F-11D3-BF4B-00C04F79EFBC}") = "WebApiIncidentManager", "WebApiIncidentManager\WebApiIncidentManager.csproj", "{582F438E-F112-43FC-965E-85779C81CE31}"
EndProject
Project("{FAE04EC0-301F-11D3-BF4B-00C04F79EFBC}") = "Services", "Services\Services.csproj", "{3A1A1B59-C514-4D7F-8B75-E23BE98D35DA}"
EndProject
Project("{FAE04EC0-301F-11D3-BF4B-00C04F79EFBC}") = "Domain", "Domain\Domain.csproj", "{D958BAA2-E7BB-4255-94FC-DECFED08599E}"
EndProject
Project("{FAE04EC0-301F-11D3-BF4B-00C04F79EFBC}") = "Repository", "Repository\Repository.csproj", "{93598D7C-653D-4BC9-AB76-45BBD4218FF1}"
EndProject
Project("{FAE04EC0-301F-11D3-BF4B-00C04F79EFBC}") = "Common", "Common\Common.csproj", "{7571677A-A03D-4803-A10C-9CDE36210AD7}"
EndProject
Global
	GlobalSection(SolutionConfigurationPlatforms) = preSolution
		Debug|Any CPU = Debug|Any CPU
		Release|Any CPU = Release|Any CPU
	EndGlobalSection
	GlobalSection(ProjectConfigurationPlatforms) = postSolution
		{582F438E-F112-43FC-965E-85779C81CE31}.Debug|Any CPU.ActiveCfg = Debug|Any CPU
		{582F438E-F112-43FC-965E-85779C81CE31}.Debug|Any CPU.Build.0 = Debug|Any CPU
		{582F438E-F112-43FC-965E-85779C81CE31}.Release|Any CPU.ActiveCfg = Release|Any CPU
		{582F438E-F112-43FC-965E-85779C81CE31}.Release|Any CPU.Build.0 = Release|Any CPU
		{3A1A1B59-C514-4D7F-8B75-E23BE98D35DA}.Debug|Any CPU.ActiveCfg = Debug|Any CPU
		{3A1A1B59-C514-4D7F-8B75-E23BE98D35DA}.Debug|Any CPU.Build.0 = Debug|Any CPU
		{3A1A1B59-C514-4D7F-8B75-E23BE98D35DA}.Release|Any CPU.ActiveCfg = Release|Any CPU
		{3A1A1B59-C514-4D7F-8B75-E23BE98D35DA}.Release|Any CPU.Build.0 = Release|Any CPU
		{D958BAA2-E7BB-4255-94FC-DECFED08599E}.Debug|Any CPU.ActiveCfg = Debug|Any CPU
		{D958BAA2-E7BB-4255-94FC-DECFED08599E}.Debug|Any CPU.Build.0 = Debug|Any CPU
		{D958BAA2-E7BB-4255-94FC-DECFED08599E}.Release|Any CPU.ActiveCfg = Release|Any CPU
		{D958BAA2-E7BB-4255-94FC-DECFED08599E}.Release|Any CPU.Build.0 = Release|Any CPU
		{93598D7C-653D-4BC9-AB76-45BBD4218FF1}.Debug|Any CPU.ActiveCfg = Debug|Any CPU
		{93598D7C-653D-4BC9-AB76-45BBD4218FF1}.Debug|Any CPU.Build.0 = Debug|Any CPU
		{93598D7C-653D-4BC9-AB76-45BBD4218FF1}.Release|Any CPU.ActiveCfg = Release|Any CPU
		{93598D7C-653D-4BC9-AB76-45BBD4218FF1}.Release|Any CPU.Build.0 = Release|Any CPU
		{7571677A-A03D-4803-A10C-9CDE36210AD7}.Debug|Any CPU.ActiveCfg = Debug|Any CPU
		{7571677A-A03D-4803-A10C-9CDE36210AD7}.Debug|Any CPU.Build.0 = Debug|Any CPU
		{7571677A-A03D-4803-A10C-9CDE36210AD7}.Release|Any CPU.ActiveCfg = Release|Any CPU
		{7571677A-A03D-4803-A10C-9CDE36210AD7}.Release|Any CPU.Build.0 = Release|Any CPU
	EndGlobalSection
	GlobalSection(SolutionProperties) = preSolution
		HideSolutionNode = FALSE
	EndGlobalSection
EndGlobal
